
Microsoft Visual Studio Solution File, Format Version 12.00
# Visual Studio Version 17
VisualStudioVersion = 17.0.32112.339
MinimumVisualStudioVersion = 10.0.40219.1
Project("{FAE04EC0-301F-11D3-BF4B-00C04F79EFBC}") = "Chcete být", "Ekonomikare\Chcete být.csproj", "{27982ECD-DE89-47E5-9221-1C5719128562}"
EndProject
Global
	GlobalSection(SolutionConfigurationPlatforms) = preSolution
		Debug|Any CPU = Debug|Any CPU
		Release|Any CPU = Release|Any CPU
	EndGlobalSection
	GlobalSection(ProjectConfigurationPlatforms) = postSolution
		{27982ECD-DE89-47E5-9221-1C5719128562}.Debug|Any CPU.ActiveCfg = Debug|Any CPU
		{27982ECD-DE89-47E5-9221-1C5719128562}.Debug|Any CPU.Build.0 = Debug|Any CPU
		{27982ECD-DE89-47E5-9221-1C5719128562}.Release|Any CPU.ActiveCfg = Release|Any CPU
		{27982ECD-DE89-47E5-9221-1C5719128562}.Release|Any CPU.Build.0 = Release|Any CPU
	EndGlobalSection
	GlobalSection(SolutionProperties) = preSolution
		HideSolutionNode = FALSE
	EndGlobalSection
	GlobalSection(ExtensibilityGlobals) = postSolution
		SolutionGuid = {6018DA0F-6CB2-4E67-886C-D405BFC946BA}
	EndGlobalSection
EndGlobal
